
Microsoft Visual Studio Solution File, Format Version 12.00
# Visual Studio 15
VisualStudioVersion = 15.0.28307.136
MinimumVisualStudioVersion = 10.0.40219.1
Project("{FAE04EC0-301F-11D3-BF4B-00C04F79EFBC}") = "NanoLifeShop.Models", "NanoLifeShop.Models\NanoLifeShop.Models.csproj", "{F42D7BFD-ADC4-43BA-808E-2DA6476E147D}"
EndProject
Project("{FAE04EC0-301F-11D3-BF4B-00C04F79EFBC}") = "NanoLifeShop.Data", "NanoLifeShop.Data\NanoLifeShop.Data.csproj", "{0E72CE86-6CC5-4189-A992-5949FF53B1FF}"
EndProject
Project("{FAE04EC0-301F-11D3-BF4B-00C04F79EFBC}") = "NanoLifeShop.Service", "NanoLifeShop.Service\NanoLifeShop.Service.csproj", "{3007AE1B-F098-484C-ABF9-31BB556B6061}"
EndProject
Project("{FAE04EC0-301F-11D3-BF4B-00C04F79EFBC}") = "NanoLifeShop.Common", "NanoLifeShop.Common\NanoLifeShop.Common.csproj", "{A996775B-857F-4206-A391-D8E5BC0488F4}"
EndProject
Project("{FAE04EC0-301F-11D3-BF4B-00C04F79EFBC}") = "NanoLifeShop.Web", "NanoLifeShop.Web\NanoLifeShop.Web.csproj", "{3B7B842E-53B6-455E-B9D1-B7E384D0248D}"
EndProject
Global
	GlobalSection(SolutionConfigurationPlatforms) = preSolution
		Debug|Any CPU = Debug|Any CPU
		Release|Any CPU = Release|Any CPU
	EndGlobalSection
	GlobalSection(ProjectConfigurationPlatforms) = postSolution
		{F42D7BFD-ADC4-43BA-808E-2DA6476E147D}.Debug|Any CPU.ActiveCfg = Debug|Any CPU
		{F42D7BFD-ADC4-43BA-808E-2DA6476E147D}.Debug|Any CPU.Build.0 = Debug|Any CPU
		{F42D7BFD-ADC4-43BA-808E-2DA6476E147D}.Release|Any CPU.ActiveCfg = Release|Any CPU
		{F42D7BFD-ADC4-43BA-808E-2DA6476E147D}.Release|Any CPU.Build.0 = Release|Any CPU
		{0E72CE86-6CC5-4189-A992-5949FF53B1FF}.Debug|Any CPU.ActiveCfg = Debug|Any CPU
		{0E72CE86-6CC5-4189-A992-5949FF53B1FF}.Debug|Any CPU.Build.0 = Debug|Any CPU
		{0E72CE86-6CC5-4189-A992-5949FF53B1FF}.Release|Any CPU.ActiveCfg = Release|Any CPU
		{0E72CE86-6CC5-4189-A992-5949FF53B1FF}.Release|Any CPU.Build.0 = Release|Any CPU
		{3007AE1B-F098-484C-ABF9-31BB556B6061}.Debug|Any CPU.ActiveCfg = Debug|Any CPU
		{3007AE1B-F098-484C-ABF9-31BB556B6061}.Debug|Any CPU.Build.0 = Debug|Any CPU
		{3007AE1B-F098-484C-ABF9-31BB556B6061}.Release|Any CPU.ActiveCfg = Release|Any CPU
		{3007AE1B-F098-484C-ABF9-31BB556B6061}.Release|Any CPU.Build.0 = Release|Any CPU
		{A996775B-857F-4206-A391-D8E5BC0488F4}.Debug|Any CPU.ActiveCfg = Debug|Any CPU
		{A996775B-857F-4206-A391-D8E5BC0488F4}.Debug|Any CPU.Build.0 = Debug|Any CPU
		{A996775B-857F-4206-A391-D8E5BC0488F4}.Release|Any CPU.ActiveCfg = Release|Any CPU
		{A996775B-857F-4206-A391-D8E5BC0488F4}.Release|Any CPU.Build.0 = Release|Any CPU
		{3B7B842E-53B6-455E-B9D1-B7E384D0248D}.Debug|Any CPU.ActiveCfg = Debug|Any CPU
		{3B7B842E-53B6-455E-B9D1-B7E384D0248D}.Debug|Any CPU.Build.0 = Debug|Any CPU
		{3B7B842E-53B6-455E-B9D1-B7E384D0248D}.Release|Any CPU.ActiveCfg = Release|Any CPU
		{3B7B842E-53B6-455E-B9D1-B7E384D0248D}.Release|Any CPU.Build.0 = Release|Any CPU
	EndGlobalSection
	GlobalSection(SolutionProperties) = preSolution
		HideSolutionNode = FALSE
	EndGlobalSection
	GlobalSection(ExtensibilityGlobals) = postSolution
		SolutionGuid = {3B8AC6A1-9944-4946-B537-AE07768E2730}
	EndGlobalSection
EndGlobal
